version = 1
revision = 1
requires-python = ">=3.12"

[[package]]
name = "clickhouse-driver"
version = "0.2.10"
source = { registry = "https://pypi.org/simple" }
dependencies = [
    { name = "pytz" },
    { name = "tzlocal" },
]
sdist = { url = "https://files.pythonhosted.org/packages/46/9e/d8e40b29b6269a84552441a553fc64dff28f2d7e2d92e81c6be84fe12b4c/clickhouse_driver-0.2.10.tar.gz", hash = "sha256:925fc6ecda1e5314e3f03bcb493955c068b070cdba221fb8ce27329ee8a7f71b", size = 409448 }
wheels = [
    { url = "https://files.pythonhosted.org/packages/a9/54/0a82bcfc66bbab7a36c37b4bd8b8d088d9001da93661e278b7f6c87a3791/clickhouse_driver-0.2.10-cp312-cp312-macosx_10_13_x86_64.whl", hash = "sha256:1851f5f8b84ead0be6373ef001e8f09d48d45ec0628377e199a223e70417cd40", size = 213107 },
    { url = "https://files.pythonhosted.org/packages/32/7b/8e526f6ffb9983c0c6d082e358df4b20fe1a9e95f453e704bc7a25ef4aab/clickhouse_driver-0.2.10-cp312-cp312-macosx_11_0_arm64.whl", hash = "sha256:188775d38ff7cb36e7045441aabf3a6a8751127d8b37b6eb1b1518494eaac5bd", size = 207193 },
    { url = "https://files.pythonhosted.org/packages/65/96/40f274896abf287c378575f025c602fa4e834278930dd63574ff548815c4/clickhouse_driver-0.2.10-cp312-cp312-manylinux2014_aarch64.manylinux_2_17_aarch64.manylinux_2_28_aarch64.whl", hash = "sha256:0ff5cba860df61845d6ae12f31d4a70ff4ae3be4e6a8a876e68af8aa4b0e45bc", size = 1046187 },
    { url = "https://files.pythonhosted.org/packages/0c/80/7b6e110c3b803fa8b3f8cdba0e08553a62c5f64e5ad57e56de3ea95cd9e1/clickhouse_driver-0.2.10-cp312-cp312-manylinux2014_ppc64le.manylinux_2_17_ppc64le.manylinux_2_28_ppc64le.whl", hash = "sha256:fad865009d96de44d548f1691ed92adee971f72c001cf4466b3ba2ac7d9db47b", size = 1088806 },
    { url = "https://files.pythonhosted.org/packages/c5/d6/7f77bd00fc01df9db2e573de21bbc1f66083549d004864b892877dee8a76/clickhouse_driver-0.2.10-cp312-cp312-manylinux2014_s390x.manylinux_2_17_s390x.manylinux_2_28_s390x.whl", hash = "sha256:cf0fe791e7c2adc0ab41d4770953c00f8a88bdd7e3ee83bb849a661a6c93d4ef", size = 1109839 },
    { url = "https://files.pythonhosted.org/packages/55/f7/57a80ff9cc44a333021e2caf8d35fc23da6ec7b602bbc3bf8dfac0253a6e/clickhouse_driver-0.2.10-cp312-cp312-manylinux2014_x86_64.manylinux_2_17_x86_64.manylinux_2_28_x86_64.whl", hash = "sha256:c5744daafdd0ff7520c6ae95a78211a0ff5c2cfb3513a20f5602d2bc7eed580d", size = 1049773 },
    { url = "https://files.pythonhosted.org/packages/f6/3e/fcf8e9cb9edc717ce6c467a9ec7c96b4495d5f8ec4859175952149fbdaa8/clickhouse_driver-0.2.10-cp312-cp312-musllinux_1_2_aarch64.whl", hash = "sha256:f02f6c9f71ae5c06e3b760d3d9f4f758b32acf6f71504b6d90bacca9abbfec18", size = 1006817 },
    { url = "https://files.pythonhosted.org/packages/95/ab/1bc25a385012c03595b91311d8341205a5790375207d80425e2285055d42/clickhouse_driver-0.2.10-cp312-cp312-musllinux_1_2_ppc64le.whl", hash = "sha256:6df571410f149e16e0a0e5529f1c2a9e41bb62b9357a3c8b0bd0647d6bb0fd1e", size = 1051047 },
    { url = "https://files.pythonhosted.org/packages/fd/e1/9dd7331d08495beacf4291a6fbe5514fd0f6f8d53014121a8d70d8bd6c1e/clickhouse_driver-0.2.10-cp312-cp312-musllinux_1_2_s390x.whl", hash = "sha256:1e891162226a44fa169bdc996efd49b22bcf59372c35118ec5785e936fe97178", size = 1052014 },
    { url = "https://files.pythonhosted.org/packages/ee/e9/af10e0ddbbd90c4ead933effff1b8914bc687bd52a70d244404db4c91529/clickhouse_driver-0.2.10-cp312-cp312-musllinux_1_2_x86_64.whl", hash = "sha256:3a261947ba0cf0034d044c30563ad151d1cf8156a5ff419b017c423b4235e0ac", size = 1020937 },
    { url = "https://files.pythonhosted.org/packages/f8/78/dbb93037939a7f9424451d10feeb0daa0d5a76163ef2e62407f4d18705ea/clickhouse_driver-0.2.10-cp312-cp312-win32.whl", hash = "sha256:d94f4db3c338ed41b28379931756852586920c5cbac1f07fcc8b7f109b3e69db", size = 190729 },
    { url = "https://files.pythonhosted.org/packages/b6/86/74bddbfaa3c116da34d8c762f728c59d9842a65f202b0b746f5d9a597869/clickhouse_driver-0.2.10-cp312-cp312-win_amd64.whl", hash = "sha256:3ce051f55bdb33396f76a77702936bfa973dfd98f7cf00a72817a1e01c9b7406", size = 204141 },
    { url = "https://files.pythonhosted.org/packages/76/7f/ee5d539611b782a04845545ba391208634124f67c4d57a32d4a46eadfb58/clickhouse_driver-0.2.10-cp313-cp313-macosx_10_13_x86_64.whl", hash = "sha256:e76c1189a6273c79d906ee8274b9d3c7bf8df597ee6199cb75449ee2702deb8a", size = 210645 },
    { url = "https://files.pythonhosted.org/packages/34/92/ee5a2d7a812b65d9690e46222218f33064c4bd44f3535b1ba564fb4b528b/clickhouse_driver-0.2.10-cp313-cp313-macosx_11_0_arm64.whl", hash = "sha256:8be64c77d58d4a33b3c957cdb7c5a4deeac56bf93f4188dbfb5c5454eb04c985", size = 205158 },
    { url = "https://files.pythonhosted.org/packages/03/00/6c532a0aea89e3d09dd4150b1df0b92e787a306b8711d54d003d18fd1ddd/clickhouse_driver-0.2.10-cp313-cp313-manylinux2014_aarch64.manylinux_2_17_aarch64.manylinux_2_28_aarch64.whl", hash = "sha256:23abafd0c883ccc1baea527c1d05a6bc0c59aae6c29ae65e1b84d498b265f8c0", size = 1033476 },
    { url = "https://files.pythonhosted.org/packages/ea/9b/137ea1ff9539da77cd022331ec4fa079cbefbd4ebbcb5c51bdd7dcd0bca0/clickhouse_driver-0.2.10-cp313-cp313-manylinux2014_ppc64le.manylinux_2_17_ppc64le.manylinux_2_28_ppc64le.whl", hash = "sha256:77ffe2063469c637c5e57bf0713ca1b617b612d55a8392799f97e34c353e6908", size = 1079495 },
    { url = "https://files.pythonhosted.org/packages/ec/1c/e13766af7e4e174c6f17b1fbc5a078b28584f53adc91f103caacc73f569b/clickhouse_driver-0.2.10-cp313-cp313-manylinux2014_s390x.manylinux_2_17_s390x.manylinux_2_28_s390x.whl", hash = "sha256:df2d77779fcc1ddb68614b75bf45b8db61cf63f42a03d5624ce6922a305e609f", size = 1100658 },
    { url = "https://files.pythonhosted.org/packages/41/e5/0686ad3ef1b594c16e8b13394c73ee4860fd025d70211a360f797dd7a28a/clickhouse_driver-0.2.10-cp313-cp313-manylinux2014_x86_64.manylinux_2_17_x86_64.manylinux_2_28_x86_64.whl", hash = "sha256:85e46e31e4b14626571819e669341a3017376ce935d25b2cc0bfea9343b1b562", size = 1034175 },
    { url = "https://files.pythonhosted.org/packages/d8/32/fea4e971297b50e5af3318fd90d400269ae1c74ad4d83a9453b89f578d3c/clickhouse_driver-0.2.10-cp313-cp313-musllinux_1_2_aarch64.whl", hash = "sha256:d7435d1ff2bc577aeedf8f01d94b5777af382484f8973a9c5018d5afd0dd175c", size = 995963 },
    { url = "https://files.pythonhosted.org/packages/02/c4/d42f2b69ab5903e5bc9119b179f55c9aef79fe667f77cab4d8ae90492dcd/clickhouse_driver-0.2.10-cp313-cp313-musllinux_1_2_ppc64le.whl", hash = "sha256:b60c7e3321214eec4568811bcd953836671fa078c57f6607f236414447636de2", size = 1044626 },
    { url = "https://files.pythonhosted.org/packages/78/36/043b6b2d967396172a60f10bf26de2c83248857f9a1e75b481f02218d1d7/clickhouse_driver-0.2.10-cp313-cp313-musllinux_1_2_s390x.whl", hash = "sha256:13fdf6571e20ac79992605ad65058296ac0f2437c1e7428a98dd6d173753119e", size = 1045772 },
    { url = "https://files.pythonhosted.org/packages/0c/cf/bc5c807cbe68ce9eeac6a1997b937c81774ca86b2ab593c6efb9121a9f08/clickhouse_driver-0.2.10-cp313-cp313-musllinux_1_2_x86_64.whl", hash = "sha256:06b6b683af086f9049d0c5e7e660fb76013439efa640e6c8ff6673622c3838fa", size = 1006716 },
    { url = "https://files.pythonhosted.org/packages/d9/21/9b0e4814aa6c78d717c22cf51e3a5bd73b4f09c4078fc3f274f8a17c3658/clickhouse_driver-0.2.10-cp313-cp313-win32.whl", hash = "sha256:8fc51b0991dc9b89ea2379a0bc0995a9ed24428aad834f6af7841cc94488b82f", size = 189789 },
    { url = "https://files.pythonhosted.org/packages/85/7d/46195e09d4b43f59bc9053f81f6d0c0f25e44c8ef94218fe3c972067cdf4/clickhouse_driver-0.2.10-cp313-cp313-win_amd64.whl", hash = "sha256:fbfe244d2f06824e175492a54033d8282f0ec5644db8e7e3805f7a9d076f5fcf", size = 203020 },
    { url = "https://files.pythonhosted.org/packages/e7/9f/513e661a80b0db9b6be5ce525d6cc86339c04dfc8d75f577b775e5ac5cf1/clickhouse_driver-0.2.10-cp314-cp314-macosx_10_15_x86_64.whl", hash = "sha256:19dd1de015d98dd1559d14ef05de2b6a0560c98b77ef160b3b99632a87fc8212", size = 211779 },
    { url = "https://files.pythonhosted.org/packages/1c/6e/842610028ca39c826865402d46b7d7f499a9a249de219edfce889c0e025d/clickhouse_driver-0.2.10-cp314-cp314-macosx_11_0_arm64.whl", hash = "sha256:b6f35a9ee7f7a8ce3483764c3bc2d23c8be1c5ce3aef537b1a3cebe59fdb0c4d", size = 205709 },
    { url = "https://files.pythonhosted.org/packages/c6/94/ddbcda962f7ca36cbcf7ded105f68f99b261dc29b9c28ca2eaec70382f66/clickhouse_driver-0.2.10-cp314-cp314-manylinux2014_aarch64.manylinux_2_17_aarch64.manylinux_2_28_aarch64.whl", hash = "sha256:888ab59b2cccda24680cfbaeb723fd8922c6148b9a43ad4cf067fef55959f19f", size = 1032732 },
    { url = "https://files.pythonhosted.org/packages/f6/1d/9d378af127ca1d35b734c965a9ec26318253f07d2a7eaa4a5643210fe327/clickhouse_driver-0.2.10-cp314-cp314-manylinux2014_ppc64le.manylinux_2_17_ppc64le.manylinux_2_28_ppc64le.whl", hash = "sha256:fbf5d692ee4df241e82d200a195dc2ddbe7fbf490ebd185fbd9da32478245399", size = 1085199 },
    { url = "https://files.pythonhosted.org/packages/3c/38/d65aedbe40e08a085fe3c2fcdcfcc0cec084d2e838e653c1ed4408771d9a/clickhouse_driver-0.2.10-cp314-cp314-manylinux2014_s390x.manylinux_2_17_s390x.manylinux_2_28_s390x.whl", hash = "sha256:2f1d42ffcdc5b77346403e7ac49639a48c2fb58767a3e55657bd40e36290e9f0", size = 1089153 },
    { url = "https://files.pythonhosted.org/packages/ef/e3/e60fbcd5ec1458da9fe313984527e9ce5f95636c178bd2d08d6257c42c30/clickhouse_driver-0.2.10-cp314-cp314-manylinux2014_x86_64.manylinux_2_17_x86_64.manylinux_2_28_x86_64.whl", hash = "sha256:74b36dfb79311bcf1ba6edde926908a46778a5e9db6302f126a799550f1fb807", size = 1023508 },
    { url = "https://files.pythonhosted.org/packages/9b/80/345be27d8011bcbd2fd3437d15b0e387369e2a8a8b73a7704af25bb6e90b/clickhouse_driver-0.2.10-cp314-cp314-musllinux_1_2_aarch64.whl", hash = "sha256:8c49d4b6619ce9237817185a41db6645f1557f7a77f2a822029ded1041179d55", size = 995994 },
    { url = "https://files.pythonhosted.org/packages/0c/76/de011c4460a2b80e517c9a5f1b80a9fe3937e2987989e9776a79dc0a1e99/clickhouse_driver-0.2.10-cp314-cp314-musllinux_1_2_ppc64le.whl", hash = "sha256:503bbcbfedd65840489dadf3d0a2ac391888828b8f82579e6ec08efb1f362659", size = 1043865 },
    { url = "https://files.pythonhosted.org/packages/5d/f4/264b6bb95488eebd79565372c8fbe397df2aac1478224629ebdc229eab00/clickhouse_driver-0.2.10-cp314-cp314-musllinux_1_2_s390x.whl", hash = "sha256:64aa403194bf4d3bdbecc2f8412ca85f4b9a35ed8dc228f23061a9889ce18dc4", size = 1038468 },
    { url = "https://files.pythonhosted.org/packages/ec/95/01b3cc32ba060132ce9183f7af9059995fed2ded8d41865e86193f17ce30/clickhouse_driver-0.2.10-cp314-cp314-musllinux_1_2_x86_64.whl", hash = "sha256:20b16b066760cfcc6a8a5342e91585a84ba22152f83421030edd3582b6e420e3", size = 998721 },
    { url = "https://files.pythonhosted.org/packages/85/d4/21e3203f8d22ad32224b0623ad2772103bb3a05ce367d6b27e78e118ea2f/clickhouse_driver-0.2.10-cp314-cp314-win32.whl", hash = "sha256:5ac6eed651dd6320a50338ff331fea93d20ed13dec27c7c7bfab71f8db3c76bb", size = 192639 },
    { url = "https://files.pythonhosted.org/packages/ac/6b/1e87eb25614c0477fdadd5cf0b49675bc91cfcae95a10cbb83e3a688b01b/clickhouse_driver-0.2.10-cp314-cp314-win_amd64.whl", hash = "sha256:9f17746188833162e06e6af595e6a41c2ed09c7714b96860217c696fdb7689cf", size = 206586 },
]

[[package]]
name = "dotenv"
version = "0.9.9"
source = { registry = "https://pypi.org/simple" }
dependencies = [
    { name = "python-dotenv" },
]
wheels = [
    { url = "https://files.pythonhosted.org/packages/b2/b7/545d2c10c1fc15e48653c91efde329a790f2eecfbbf2bd16003b5db2bab0/dotenv-0.9.9-py2.py3-none-any.whl", hash = "sha256:29cf74a087b31dafdb5a446b6d7e11cbce8ed2741540e2339c69fbef92c94ce9", size = 1892 },
]

[[package]]
name = "encies-analytics-v2"
version = "0.1.0"
source = { virtual = "." }
dependencies = [
    { name = "clickhouse-driver" },
    { name = "dotenv" },
]

[package.metadata]
requires-dist = [
    { name = "clickhouse-driver", specifier = ">=0.2.10" },
    { name = "dotenv", specifier = ">=0.9.9" },
]

[[package]]
name = "python-dotenv"
version = "1.2.1"
source = { registry = "https://pypi.org/simple" }
sdist = { url = "https://files.pythonhosted.org/packages/f0/26/19cadc79a718c5edbec86fd4919a6b6d3f681039a2f6d66d14be94e75fb9/python_dotenv-1.2.1.tar.gz", hash = "sha256:42667e897e16ab0d66954af0e60a9caa94f0fd4ecf3aaf6d2d260eec1aa36ad6", size = 44221 }
wheels = [
    { url = "https://files.pythonhosted.org/packages/14/1b/a298b06749107c305e1fe0f814c6c74aea7b2f1e10989cb30f544a1b3253/python_dotenv-1.2.1-py3-none-any.whl", hash = "sha256:b81ee9561e9ca4004139c6cbba3a238c32b03e4894671e181b671e8cb8425d61", size = 21230 },
]

[[package]]
name = "pytz"
version = "2025.2"
source = { registry = "https://pypi.org/simple" }
sdist = { url = "https://files.pythonhosted.org/packages/f8/bf/abbd3cdfb8fbc7fb3d4d38d320f2441b1e7cbe29be4f23797b4a2b5d8aac/pytz-2025.2.tar.gz", hash = "sha256:360b9e3dbb49a209c21ad61809c7fb453643e048b38924c765813546746e81c3", size = 320884 }
wheels = [
    { url = "https://files.pythonhosted.org/packages/81/c4/34e93fe5f5429d7570ec1fa436f1986fb1f00c3e0f43a589fe2bbcd22c3f/pytz-2025.2-py2.py3-none-any.whl", hash = "sha256:5ddf76296dd8c44c26eb8f4b6f35488f3ccbf6fbbd7adee0b7262d43f0ec2f00", size = 509225 },
]

[[package]]
name = "tzdata"
version = "2025.2"
source = { registry = "https://pypi.org/simple" }
sdist = { url = "https://files.pythonhosted.org/packages/95/32/1a225d6164441be760d75c2c42e2780dc0873fe382da3e98a2e1e48361e5/tzdata-2025.2.tar.gz", hash = "sha256:b60a638fcc0daffadf82fe0f57e53d06bdec2f36c4df66280ae79bce6bd6f2b9", size = 196380 }
wheels = [
    { url = "https://files.pythonhosted.org/packages/5c/23/c7abc0ca0a1526a0774eca151daeb8de62ec457e77262b66b359c3c7679e/tzdata-2025.2-py2.py3-none-any.whl", hash = "sha256:1a403fada01ff9221ca8044d701868fa132215d84beb92242d9acd2147f667a8", size = 347839 },
]

[[package]]
name = "tzlocal"
version = "5.3.1"
source = { registry = "https://pypi.org/simple" }
dependencies = [
    { name = "tzdata", marker = "sys_platform == 'win32'" },
]
sdist = { url = "https://files.pythonhosted.org/packages/8b/2e/c14812d3d4d9cd1773c6be938f89e5735a1f11a9f184ac3639b93cef35d5/tzlocal-5.3.1.tar.gz", hash = "sha256:cceffc7edecefea1f595541dbd6e990cb1ea3d19bf01b2809f362a03dd7921fd", size = 30761 }
wheels = [
    { url = "https://files.pythonhosted.org/packages/c2/14/e2a54fabd4f08cd7af1c07030603c3356b74da07f7cc056e600436edfa17/tzlocal-5.3.1-py3-none-any.whl", hash = "sha256:eb1a66c3ef5847adf7a834f1be0800581b683b5608e74f86ecbcef8ab91bb85d", size = 18026 },
]
